{
  "name": "neon-api-framework",
  "lockfileVersion": 3,
  "requires": true,
  "packages": {
    "": {
      "workspaces": [
        "packages/*",
        "examples"
      ],
      "dependencies": {
        "@types/colors": "^1.2.1",
        "@types/node": "^20.11.5",
        "@types/uuid": "^9.0.7",
        "colors": "^1.4.0",
        "reflect-metadata": "^0.2.1",
        "typescript": "^5.3.3",
        "uuid": "^9.0.1"
      },
      "devDependencies": {
        "typescript": "^5.3.3"
      }
    },
    "examples": {
      "version": "1.0.0",
      "dependencies": {
        "@neon-api-framework/cors": "./packages/cors",
        "neon-api-framework": "./packages/neon-api",
        "typescript": "^5.3.3"
      }
    },
    "examples/node_modules/@neon-api-framework/cors": {
      "resolved": "examples/packages/cors",
      "link": true
    },
    "examples/node_modules/neon-api-framework": {
      "resolved": "examples/packages/neon-api",
      "link": true
    },
    "examples/packages/cors": {},
    "examples/packages/neon-api": {},
    "node_modules/@neon-api-framework/cors": {
      "resolved": "packages/cors",
      "link": true
    },
    "node_modules/@types/colors": {
      "version": "1.2.1",
      "resolved": "https://registry.npmjs.org/@types/colors/-/colors-1.2.1.tgz",
      "integrity": "sha512-7jNkpfN2lVO07nJ1RWzyMnNhH/I5N9iWuMPx9pedptxJ4MODf8rRV0lbJi6RakQ4sKQk231Fw4e2W9n3D7gZ3w==",
      "deprecated": "This is a stub types definition. colors provides its own type definitions, so you don't need this installed.",
      "dependencies": {
        "colors": "*"
      }
    },
    "node_modules/@types/node": {
      "version": "20.11.10",
      "resolved": "https://registry.npmjs.org/@types/node/-/node-20.11.10.tgz",
      "integrity": "sha512-rZEfe/hJSGYmdfX9tvcPMYeYPW2sNl50nsw4jZmRcaG0HIAb0WYEpsB05GOb53vjqpyE9GUhlDQ4jLSoB5q9kg==",
      "dependencies": {
        "undici-types": "~5.26.4"
      }
    },
    "node_modules/@types/uuid": {
      "version": "9.0.8",
      "resolved": "https://registry.npmjs.org/@types/uuid/-/uuid-9.0.8.tgz",
      "integrity": "sha512-jg+97EGIcY9AGHJJRaaPVgetKDsrTgbRjQ5Msgjh/DQKEFl0DtyRr/VCOyD1T2R1MNeWPK/u7JoGhlDZnKBAfA=="
    },
    "node_modules/colors": {
      "version": "1.4.0",
      "resolved": "https://registry.npmjs.org/colors/-/colors-1.4.0.tgz",
      "integrity": "sha512-a+UqTh4kgZg/SlGvfbzDHpgRu7AAQOmmqRHJnxhRZICKFUT91brVhNNt58CMWU9PsBbv3PDCZUHbVxuDiH2mtA==",
      "engines": {
        "node": ">=0.1.90"
      }
    },
    "node_modules/examples": {
      "resolved": "examples",
      "link": true
    },
    "node_modules/neon-api-framework": {
      "resolved": "packages/neon-api",
      "link": true
    },
    "node_modules/reflect-metadata": {
      "version": "0.2.1",
      "resolved": "https://registry.npmjs.org/reflect-metadata/-/reflect-metadata-0.2.1.tgz",
      "integrity": "sha512-i5lLI6iw9AU3Uu4szRNPPEkomnkjRTaVt9hy/bn5g/oSzekBSMeLZblcjP74AW0vBabqERLLIrz+gR8QYR54Tw=="
    },
    "node_modules/typescript": {
      "version": "5.3.3",
      "resolved": "https://registry.npmjs.org/typescript/-/typescript-5.3.3.tgz",
      "integrity": "sha512-pXWcraxM0uxAS+tN0AG/BF2TyqmHO014Z070UsJ+pFvYuRSq8KH8DmWpnbXe0pEPDHXZV3FcAbJkijJ5oNEnWw==",
      "license": "Apache-2.0",
      "bin": {
        "tsc": "bin/tsc",
        "tsserver": "bin/tsserver"
      },
      "engines": {
        "node": ">=14.17"
      }
    },
    "node_modules/undici-types": {
      "version": "5.26.5",
      "resolved": "https://registry.npmjs.org/undici-types/-/undici-types-5.26.5.tgz",
      "integrity": "sha512-JlCMO+ehdEIKqlFxk6IfVoAUVmgz7cU7zD/h9XZ0qzeosSHmUJVOzSQvvYSYWXkFXC+IfLKSIffhv0sVZup6pA=="
    },
    "node_modules/uuid": {
      "version": "9.0.1",
      "resolved": "https://registry.npmjs.org/uuid/-/uuid-9.0.1.tgz",
      "integrity": "sha512-b+1eJOlsR9K8HJpow9Ok3fiWOWSIcIzXodvv0rQjVoOVNpWMpxf1wZNpt4y9h10odCNrqnYp1OBzRktckBe3sA==",
      "funding": [
        "https://github.com/sponsors/broofa",
        "https://github.com/sponsors/ctavan"
      ],
      "bin": {
        "uuid": "dist/bin/uuid"
      }
    },
    "packages/core": {
      "name": "@neonapi/core",
      "version": "1.0.0",
      "extraneous": true,
      "dependencies": {
        "typescript": "^5.3.3"
      },
      "devDependencies": {
        "@types/node": "^20.11.2",
        "typescript": "^5.3.3"
      }
    },
    "packages/cors": {
      "name": "@neon-api-framework/cors",
      "version": "1.0.5",
      "dependencies": {
        "neon-api-framework": "1.1.7"
      },
      "devDependencies": {
        "typescript": "^5.3.3"
      }
    },
    "packages/neon-api": {
      "name": "neon-api-framework",
      "version": "1.1.7",
      "dependencies": {
        "colors": "^1.4.0",
        "reflect-metadata": "^0.2.1",
        "uuid": "^9.0.1"
      },
      "devDependencies": {
        "@types/colors": "^1.2.1",
        "@types/node": "^20.11.5",
        "@types/uuid": "^9.0.7",
        "typescript": "^5.3.3"
      }
    }
  }
}
